
Microsoft Visual Studio Solution File, Format Version 12.00
# Visual Studio Version 17
VisualStudioVersion = 17.10.34916.146
MinimumVisualStudioVersion = 10.0.40219.1
Project("{FAE04EC0-301F-11D3-BF4B-00C04F79EFBC}") = "TestProject1", "TestProject1.csproj", "{BB36679D-68BD-40F6-A4D2-1EB83BB04A43}"
EndProject
Global
	GlobalSection(SolutionConfigurationPlatforms) = preSolution
		Debug|Any CPU = Debug|Any CPU
		Release|Any CPU = Release|Any CPU
	EndGlobalSection
	GlobalSection(ProjectConfigurationPlatforms) = postSolution
		{BB36679D-68BD-40F6-A4D2-1EB83BB04A43}.Debug|Any CPU.ActiveCfg = Debug|Any CPU
		{BB36679D-68BD-40F6-A4D2-1EB83BB04A43}.Debug|Any CPU.Build.0 = Debug|Any CPU
		{BB36679D-68BD-40F6-A4D2-1EB83BB04A43}.Release|Any CPU.ActiveCfg = Release|Any CPU
		{BB36679D-68BD-40F6-A4D2-1EB83BB04A43}.Release|Any CPU.Build.0 = Release|Any CPU
	EndGlobalSection
	GlobalSection(SolutionProperties) = preSolution
		HideSolutionNode = FALSE
	EndGlobalSection
	GlobalSection(ExtensibilityGlobals) = postSolution
		SolutionGuid = {D73A7423-F740-4F46-8112-46ABC0E46A6E}
	EndGlobalSection
EndGlobal
